
Microsoft Visual Studio Solution File, Format Version 12.00
# Visual Studio 2013
VisualStudioVersion = 12.0.31101.0
MinimumVisualStudioVersion = 10.0.40219.1
Project("{FAE04EC0-301F-11D3-BF4B-00C04F79EFBC}") = "L09_iOS", "L09_iOS\L09_iOS.csproj", "{33CE7D2F-2C88-47F6-B613-B18A7113059A}"
EndProject
Project("{FAE04EC0-301F-11D3-BF4B-00C04F79EFBC}") = "L09_Android", "L09_Android\L09_Android.csproj", "{2086F282-DF2C-4630-BD4A-785D4D187835}"
EndProject
Project("{FAE04EC0-301F-11D3-BF4B-00C04F79EFBC}") = "L09_ViewModel", "L09_ViewModel\L09_ViewModel.csproj", "{6AEB2CA7-9206-4460-8E95-E1F4319927E9}"
EndProject
Global
	GlobalSection(SolutionConfigurationPlatforms) = preSolution
		Ad-Hoc|Any CPU = Ad-Hoc|Any CPU
		Ad-Hoc|iPhone = Ad-Hoc|iPhone
		Ad-Hoc|iPhoneSimulator = Ad-Hoc|iPhoneSimulator
		Ad-Hoc|Mixed Platforms = Ad-Hoc|Mixed Platforms
		AppStore|Any CPU = AppStore|Any CPU
		AppStore|iPhone = AppStore|iPhone
		AppStore|iPhoneSimulator = AppStore|iPhoneSimulator
		AppStore|Mixed Platforms = AppStore|Mixed Platforms
		Debug|Any CPU = Debug|Any CPU
		Debug|iPhone = Debug|iPhone
		Debug|iPhoneSimulator = Debug|iPhoneSimulator
		Debug|Mixed Platforms = Debug|Mixed Platforms
		Release|Any CPU = Release|Any CPU
		Release|iPhone = Release|iPhone
		Release|iPhoneSimulator = Release|iPhoneSimulator
		Release|Mixed Platforms = Release|Mixed Platforms
	EndGlobalSection
	GlobalSection(ProjectConfigurationPlatforms) = postSolution
		{33CE7D2F-2C88-47F6-B613-B18A7113059A}.Ad-Hoc|Any CPU.ActiveCfg = Ad-Hoc|iPhone
		{33CE7D2F-2C88-47F6-B613-B18A7113059A}.Ad-Hoc|iPhone.ActiveCfg = Ad-Hoc|iPhone
		{33CE7D2F-2C88-47F6-B613-B18A7113059A}.Ad-Hoc|iPhone.Build.0 = Ad-Hoc|iPhone
		{33CE7D2F-2C88-47F6-B613-B18A7113059A}.Ad-Hoc|iPhoneSimulator.ActiveCfg = Ad-Hoc|iPhoneSimulator
		{33CE7D2F-2C88-47F6-B613-B18A7113059A}.Ad-Hoc|iPhoneSimulator.Build.0 = Ad-Hoc|iPhoneSimulator
		{33CE7D2F-2C88-47F6-B613-B18A7113059A}.Ad-Hoc|Mixed Platforms.ActiveCfg = Ad-Hoc|iPhone
		{33CE7D2F-2C88-47F6-B613-B18A7113059A}.Ad-Hoc|Mixed Platforms.Build.0 = Ad-Hoc|iPhone
		{33CE7D2F-2C88-47F6-B613-B18A7113059A}.AppStore|Any CPU.ActiveCfg = AppStore|iPhone
		{33CE7D2F-2C88-47F6-B613-B18A7113059A}.AppStore|iPhone.ActiveCfg = AppStore|iPhone
		{33CE7D2F-2C88-47F6-B613-B18A7113059A}.AppStore|iPhone.Build.0 = AppStore|iPhone
		{33CE7D2F-2C88-47F6-B613-B18A7113059A}.AppStore|iPhoneSimulator.ActiveCfg = AppStore|iPhoneSimulator
		{33CE7D2F-2C88-47F6-B613-B18A7113059A}.AppStore|iPhoneSimulator.Build.0 = AppStore|iPhoneSimulator
		{33CE7D2F-2C88-47F6-B613-B18A7113059A}.AppStore|Mixed Platforms.ActiveCfg = AppStore|iPhone
		{33CE7D2F-2C88-47F6-B613-B18A7113059A}.AppStore|Mixed Platforms.Build.0 = AppStore|iPhone
		{33CE7D2F-2C88-47F6-B613-B18A7113059A}.Debug|Any CPU.ActiveCfg = Debug|iPhone
		{33CE7D2F-2C88-47F6-B613-B18A7113059A}.Debug|iPhone.ActiveCfg = Debug|iPhone
		{33CE7D2F-2C88-47F6-B613-B18A7113059A}.Debug|iPhone.Build.0 = Debug|iPhone
		{33CE7D2F-2C88-47F6-B613-B18A7113059A}.Debug|iPhoneSimulator.ActiveCfg = Debug|iPhoneSimulator
		{33CE7D2F-2C88-47F6-B613-B18A7113059A}.Debug|iPhoneSimulator.Build.0 = Debug|iPhoneSimulator
		{33CE7D2F-2C88-47F6-B613-B18A7113059A}.Debug|Mixed Platforms.ActiveCfg = Debug|iPhone
		{33CE7D2F-2C88-47F6-B613-B18A7113059A}.Debug|Mixed Platforms.Build.0 = Debug|iPhone
		{33CE7D2F-2C88-47F6-B613-B18A7113059A}.Release|Any CPU.ActiveCfg = Release|iPhone
		{33CE7D2F-2C88-47F6-B613-B18A7113059A}.Release|iPhone.ActiveCfg = Release|iPhone
		{33CE7D2F-2C88-47F6-B613-B18A7113059A}.Release|iPhone.Build.0 = Release|iPhone
		{33CE7D2F-2C88-47F6-B613-B18A7113059A}.Release|iPhoneSimulator.ActiveCfg = Release|iPhoneSimulator
		{33CE7D2F-2C88-47F6-B613-B18A7113059A}.Release|iPhoneSimulator.Build.0 = Release|iPhoneSimulator
		{33CE7D2F-2C88-47F6-B613-B18A7113059A}.Release|Mixed Platforms.ActiveCfg = Release|iPhone
		{33CE7D2F-2C88-47F6-B613-B18A7113059A}.Release|Mixed Platforms.Build.0 = Release|iPhone
		{2086F282-DF2C-4630-BD4A-785D4D187835}.Ad-Hoc|Any CPU.ActiveCfg = Release|Any CPU
		{2086F282-DF2C-4630-BD4A-785D4D187835}.Ad-Hoc|Any CPU.Build.0 = Release|Any CPU
		{2086F282-DF2C-4630-BD4A-785D4D187835}.Ad-Hoc|Any CPU.Deploy.0 = Release|Any CPU
		{2086F282-DF2C-4630-BD4A-785D4D187835}.Ad-Hoc|iPhone.ActiveCfg = Release|Any CPU
		{2086F282-DF2C-4630-BD4A-785D4D187835}.Ad-Hoc|iPhoneSimulator.ActiveCfg = Release|Any CPU
		{2086F282-DF2C-4630-BD4A-785D4D187835}.Ad-Hoc|Mixed Platforms.ActiveCfg = Release|Any CPU
		{2086F282-DF2C-4630-BD4A-785D4D187835}.Ad-Hoc|Mixed Platforms.Build.0 = Release|Any CPU
		{2086F282-DF2C-4630-BD4A-785D4D187835}.Ad-Hoc|Mixed Platforms.Deploy.0 = Release|Any CPU
		{2086F282-DF2C-4630-BD4A-785D4D187835}.AppStore|Any CPU.ActiveCfg = Release|Any CPU
		{2086F282-DF2C-4630-BD4A-785D4D187835}.AppStore|Any CPU.Build.0 = Release|Any CPU
		{2086F282-DF2C-4630-BD4A-785D4D187835}.AppStore|Any CPU.Deploy.0 = Release|Any CPU
		{2086F282-DF2C-4630-BD4A-785D4D187835}.AppStore|iPhone.ActiveCfg = Release|Any CPU
		{2086F282-DF2C-4630-BD4A-785D4D187835}.AppStore|iPhoneSimulator.ActiveCfg = Release|Any CPU
		{2086F282-DF2C-4630-BD4A-785D4D187835}.AppStore|Mixed Platforms.ActiveCfg = Release|Any CPU
		{2086F282-DF2C-4630-BD4A-785D4D187835}.AppStore|Mixed Platforms.Build.0 = Release|Any CPU
		{2086F282-DF2C-4630-BD4A-785D4D187835}.AppStore|Mixed Platforms.Deploy.0 = Release|Any CPU
		{2086F282-DF2C-4630-BD4A-785D4D187835}.Debug|Any CPU.ActiveCfg = Debug|Any CPU
		{2086F282-DF2C-4630-BD4A-785D4D187835}.Debug|Any CPU.Build.0 = Debug|Any CPU
		{2086F282-DF2C-4630-BD4A-785D4D187835}.Debug|Any CPU.Deploy.0 = Debug|Any CPU
		{2086F282-DF2C-4630-BD4A-785D4D187835}.Debug|iPhone.ActiveCfg = Debug|Any CPU
		{2086F282-DF2C-4630-BD4A-785D4D187835}.Debug|iPhoneSimulator.ActiveCfg = Debug|Any CPU
		{2086F282-DF2C-4630-BD4A-785D4D187835}.Debug|iPhoneSimulator.Build.0 = Debug|Any CPU
		{2086F282-DF2C-4630-BD4A-785D4D187835}.Debug|Mixed Platforms.ActiveCfg = Debug|Any CPU
		{2086F282-DF2C-4630-BD4A-785D4D187835}.Debug|Mixed Platforms.Build.0 = Debug|Any CPU
		{2086F282-DF2C-4630-BD4A-785D4D187835}.Debug|Mixed Platforms.Deploy.0 = Debug|Any CPU
		{2086F282-DF2C-4630-BD4A-785D4D187835}.Release|Any CPU.ActiveCfg = Release|Any CPU
		{2086F282-DF2C-4630-BD4A-785D4D187835}.Release|Any CPU.Build.0 = Release|Any CPU
		{2086F282-DF2C-4630-BD4A-785D4D187835}.Release|Any CPU.Deploy.0 = Release|Any CPU
		{2086F282-DF2C-4630-BD4A-785D4D187835}.Release|iPhone.ActiveCfg = Release|Any CPU
		{2086F282-DF2C-4630-BD4A-785D4D187835}.Release|iPhoneSimulator.ActiveCfg = Release|Any CPU
		{2086F282-DF2C-4630-BD4A-785D4D187835}.Release|Mixed Platforms.ActiveCfg = Release|Any CPU
		{2086F282-DF2C-4630-BD4A-785D4D187835}.Release|Mixed Platforms.Build.0 = Release|Any CPU
		{2086F282-DF2C-4630-BD4A-785D4D187835}.Release|Mixed Platforms.Deploy.0 = Release|Any CPU
		{6AEB2CA7-9206-4460-8E95-E1F4319927E9}.Ad-Hoc|Any CPU.ActiveCfg = Release|Any CPU
		{6AEB2CA7-9206-4460-8E95-E1F4319927E9}.Ad-Hoc|Any CPU.Build.0 = Release|Any CPU
		{6AEB2CA7-9206-4460-8E95-E1F4319927E9}.Ad-Hoc|iPhone.ActiveCfg = Release|Any CPU
		{6AEB2CA7-9206-4460-8E95-E1F4319927E9}.Ad-Hoc|iPhoneSimulator.ActiveCfg = Release|Any CPU
		{6AEB2CA7-9206-4460-8E95-E1F4319927E9}.Ad-Hoc|Mixed Platforms.ActiveCfg = Release|Any CPU
		{6AEB2CA7-9206-4460-8E95-E1F4319927E9}.Ad-Hoc|Mixed Platforms.Build.0 = Release|Any CPU
		{6AEB2CA7-9206-4460-8E95-E1F4319927E9}.AppStore|Any CPU.ActiveCfg = Release|Any CPU
		{6AEB2CA7-9206-4460-8E95-E1F4319927E9}.AppStore|Any CPU.Build.0 = Release|Any CPU
		{6AEB2CA7-9206-4460-8E95-E1F4319927E9}.AppStore|iPhone.ActiveCfg = Release|Any CPU
		{6AEB2CA7-9206-4460-8E95-E1F4319927E9}.AppStore|iPhoneSimulator.ActiveCfg = Release|Any CPU
		{6AEB2CA7-9206-4460-8E95-E1F4319927E9}.AppStore|Mixed Platforms.ActiveCfg = Release|Any CPU
		{6AEB2CA7-9206-4460-8E95-E1F4319927E9}.AppStore|Mixed Platforms.Build.0 = Release|Any CPU
		{6AEB2CA7-9206-4460-8E95-E1F4319927E9}.Debug|Any CPU.ActiveCfg = Debug|Any CPU
		{6AEB2CA7-9206-4460-8E95-E1F4319927E9}.Debug|Any CPU.Build.0 = Debug|Any CPU
		{6AEB2CA7-9206-4460-8E95-E1F4319927E9}.Debug|iPhone.ActiveCfg = Debug|Any CPU
		{6AEB2CA7-9206-4460-8E95-E1F4319927E9}.Debug|iPhoneSimulator.ActiveCfg = Debug|Any CPU
		{6AEB2CA7-9206-4460-8E95-E1F4319927E9}.Debug|iPhoneSimulator.Build.0 = Debug|Any CPU
		{6AEB2CA7-9206-4460-8E95-E1F4319927E9}.Debug|Mixed Platforms.ActiveCfg = Debug|Any CPU
		{6AEB2CA7-9206-4460-8E95-E1F4319927E9}.Debug|Mixed Platforms.Build.0 = Debug|Any CPU
		{6AEB2CA7-9206-4460-8E95-E1F4319927E9}.Release|Any CPU.ActiveCfg = Release|Any CPU
		{6AEB2CA7-9206-4460-8E95-E1F4319927E9}.Release|Any CPU.Build.0 = Release|Any CPU
		{6AEB2CA7-9206-4460-8E95-E1F4319927E9}.Release|iPhone.ActiveCfg = Release|Any CPU
		{6AEB2CA7-9206-4460-8E95-E1F4319927E9}.Release|iPhoneSimulator.ActiveCfg = Release|Any CPU
		{6AEB2CA7-9206-4460-8E95-E1F4319927E9}.Release|Mixed Platforms.ActiveCfg = Release|Any CPU
		{6AEB2CA7-9206-4460-8E95-E1F4319927E9}.Release|Mixed Platforms.Build.0 = Release|Any CPU
	EndGlobalSection
	GlobalSection(SolutionProperties) = preSolution
		HideSolutionNode = FALSE
	EndGlobalSection
EndGlobal
