
Microsoft Visual Studio Solution File, Format Version 12.00
# Visual Studio 2013
VisualStudioVersion = 12.0.31101.0
MinimumVisualStudioVersion = 10.0.40219.1
Project("{FAE04EC0-301F-11D3-BF4B-00C04F79EFBC}") = "L03", "L03\L03.csproj", "{1EB812CD-AB08-4A91-B054-155975514F73}"
EndProject
Global
	GlobalSection(SolutionConfigurationPlatforms) = preSolution
		Ad-Hoc|iPhone = Ad-Hoc|iPhone
		Ad-Hoc|iPhoneSimulator = Ad-Hoc|iPhoneSimulator
		AppStore|iPhone = AppStore|iPhone
		AppStore|iPhoneSimulator = AppStore|iPhoneSimulator
		Debug|iPhone = Debug|iPhone
		Debug|iPhoneSimulator = Debug|iPhoneSimulator
		Release|iPhone = Release|iPhone
		Release|iPhoneSimulator = Release|iPhoneSimulator
	EndGlobalSection
	GlobalSection(ProjectConfigurationPlatforms) = postSolution
		{1EB812CD-AB08-4A91-B054-155975514F73}.Ad-Hoc|iPhone.ActiveCfg = Ad-Hoc|iPhone
		{1EB812CD-AB08-4A91-B054-155975514F73}.Ad-Hoc|iPhone.Build.0 = Ad-Hoc|iPhone
		{1EB812CD-AB08-4A91-B054-155975514F73}.Ad-Hoc|iPhoneSimulator.ActiveCfg = Ad-Hoc|iPhoneSimulator
		{1EB812CD-AB08-4A91-B054-155975514F73}.Ad-Hoc|iPhoneSimulator.Build.0 = Ad-Hoc|iPhoneSimulator
		{1EB812CD-AB08-4A91-B054-155975514F73}.AppStore|iPhone.ActiveCfg = AppStore|iPhone
		{1EB812CD-AB08-4A91-B054-155975514F73}.AppStore|iPhone.Build.0 = AppStore|iPhone
		{1EB812CD-AB08-4A91-B054-155975514F73}.AppStore|iPhoneSimulator.ActiveCfg = AppStore|iPhoneSimulator
		{1EB812CD-AB08-4A91-B054-155975514F73}.AppStore|iPhoneSimulator.Build.0 = AppStore|iPhoneSimulator
		{1EB812CD-AB08-4A91-B054-155975514F73}.Debug|iPhone.ActiveCfg = Debug|iPhone
		{1EB812CD-AB08-4A91-B054-155975514F73}.Debug|iPhone.Build.0 = Debug|iPhone
		{1EB812CD-AB08-4A91-B054-155975514F73}.Debug|iPhoneSimulator.ActiveCfg = Debug|iPhoneSimulator
		{1EB812CD-AB08-4A91-B054-155975514F73}.Debug|iPhoneSimulator.Build.0 = Debug|iPhoneSimulator
		{1EB812CD-AB08-4A91-B054-155975514F73}.Release|iPhone.ActiveCfg = Release|iPhone
		{1EB812CD-AB08-4A91-B054-155975514F73}.Release|iPhone.Build.0 = Release|iPhone
		{1EB812CD-AB08-4A91-B054-155975514F73}.Release|iPhoneSimulator.ActiveCfg = Release|iPhoneSimulator
		{1EB812CD-AB08-4A91-B054-155975514F73}.Release|iPhoneSimulator.Build.0 = Release|iPhoneSimulator
	EndGlobalSection
	GlobalSection(SolutionProperties) = preSolution
		HideSolutionNode = FALSE
	EndGlobalSection
EndGlobal
