
Microsoft Visual Studio Solution File, Format Version 12.00
# Visual Studio 2013
VisualStudioVersion = 12.0.31101.0
MinimumVisualStudioVersion = 10.0.40219.1
Project("{FAE04EC0-301F-11D3-BF4B-00C04F79EFBC}") = "L06", "L06\L06.csproj", "{C87078A8-9836-447E-862D-B5A8F37C7E1D}"
EndProject
Project("{FAE04EC0-301F-11D3-BF4B-00C04F79EFBC}") = "L06_Share", "L06_Share\L06_Share.csproj", "{C7D4F1F6-1054-478A-B5E6-F1A32FDF11AE}"
EndProject
Project("{FAE04EC0-301F-11D3-BF4B-00C04F79EFBC}") = "L06_zdroid", "L06_droid\L06_zdroid.csproj", "{24C726F3-2259-4865-938E-886A2C8CED8F}"
EndProject
Global
	GlobalSection(SolutionConfigurationPlatforms) = preSolution
		Ad-Hoc|Any CPU = Ad-Hoc|Any CPU
		Ad-Hoc|iPhone = Ad-Hoc|iPhone
		Ad-Hoc|iPhoneSimulator = Ad-Hoc|iPhoneSimulator
		Ad-Hoc|Mixed Platforms = Ad-Hoc|Mixed Platforms
		AppStore|Any CPU = AppStore|Any CPU
		AppStore|iPhone = AppStore|iPhone
		AppStore|iPhoneSimulator = AppStore|iPhoneSimulator
		AppStore|Mixed Platforms = AppStore|Mixed Platforms
		Debug|Any CPU = Debug|Any CPU
		Debug|iPhone = Debug|iPhone
		Debug|iPhoneSimulator = Debug|iPhoneSimulator
		Debug|Mixed Platforms = Debug|Mixed Platforms
		Release|Any CPU = Release|Any CPU
		Release|iPhone = Release|iPhone
		Release|iPhoneSimulator = Release|iPhoneSimulator
		Release|Mixed Platforms = Release|Mixed Platforms
	EndGlobalSection
	GlobalSection(ProjectConfigurationPlatforms) = postSolution
		{C87078A8-9836-447E-862D-B5A8F37C7E1D}.Ad-Hoc|Any CPU.ActiveCfg = Ad-Hoc|iPhoneSimulator
		{C87078A8-9836-447E-862D-B5A8F37C7E1D}.Ad-Hoc|iPhone.ActiveCfg = Ad-Hoc|iPhone
		{C87078A8-9836-447E-862D-B5A8F37C7E1D}.Ad-Hoc|iPhone.Build.0 = Ad-Hoc|iPhone
		{C87078A8-9836-447E-862D-B5A8F37C7E1D}.Ad-Hoc|iPhoneSimulator.ActiveCfg = Ad-Hoc|iPhoneSimulator
		{C87078A8-9836-447E-862D-B5A8F37C7E1D}.Ad-Hoc|iPhoneSimulator.Build.0 = Ad-Hoc|iPhoneSimulator
		{C87078A8-9836-447E-862D-B5A8F37C7E1D}.Ad-Hoc|Mixed Platforms.ActiveCfg = Ad-Hoc|iPhoneSimulator
		{C87078A8-9836-447E-862D-B5A8F37C7E1D}.Ad-Hoc|Mixed Platforms.Build.0 = Ad-Hoc|iPhoneSimulator
		{C87078A8-9836-447E-862D-B5A8F37C7E1D}.AppStore|Any CPU.ActiveCfg = AppStore|iPhoneSimulator
		{C87078A8-9836-447E-862D-B5A8F37C7E1D}.AppStore|iPhone.ActiveCfg = AppStore|iPhone
		{C87078A8-9836-447E-862D-B5A8F37C7E1D}.AppStore|iPhone.Build.0 = AppStore|iPhone
		{C87078A8-9836-447E-862D-B5A8F37C7E1D}.AppStore|iPhoneSimulator.ActiveCfg = AppStore|iPhoneSimulator
		{C87078A8-9836-447E-862D-B5A8F37C7E1D}.AppStore|iPhoneSimulator.Build.0 = AppStore|iPhoneSimulator
		{C87078A8-9836-447E-862D-B5A8F37C7E1D}.AppStore|Mixed Platforms.ActiveCfg = AppStore|iPhoneSimulator
		{C87078A8-9836-447E-862D-B5A8F37C7E1D}.AppStore|Mixed Platforms.Build.0 = AppStore|iPhoneSimulator
		{C87078A8-9836-447E-862D-B5A8F37C7E1D}.Debug|Any CPU.ActiveCfg = Debug|iPhoneSimulator
		{C87078A8-9836-447E-862D-B5A8F37C7E1D}.Debug|iPhone.ActiveCfg = Debug|iPhone
		{C87078A8-9836-447E-862D-B5A8F37C7E1D}.Debug|iPhone.Build.0 = Debug|iPhone
		{C87078A8-9836-447E-862D-B5A8F37C7E1D}.Debug|iPhoneSimulator.ActiveCfg = Debug|iPhoneSimulator
		{C87078A8-9836-447E-862D-B5A8F37C7E1D}.Debug|iPhoneSimulator.Build.0 = Debug|iPhoneSimulator
		{C87078A8-9836-447E-862D-B5A8F37C7E1D}.Debug|Mixed Platforms.ActiveCfg = Debug|iPhoneSimulator
		{C87078A8-9836-447E-862D-B5A8F37C7E1D}.Debug|Mixed Platforms.Build.0 = Debug|iPhoneSimulator
		{C87078A8-9836-447E-862D-B5A8F37C7E1D}.Release|Any CPU.ActiveCfg = Release|iPhoneSimulator
		{C87078A8-9836-447E-862D-B5A8F37C7E1D}.Release|iPhone.ActiveCfg = Release|iPhone
		{C87078A8-9836-447E-862D-B5A8F37C7E1D}.Release|iPhone.Build.0 = Release|iPhone
		{C87078A8-9836-447E-862D-B5A8F37C7E1D}.Release|iPhoneSimulator.ActiveCfg = Release|iPhoneSimulator
		{C87078A8-9836-447E-862D-B5A8F37C7E1D}.Release|iPhoneSimulator.Build.0 = Release|iPhoneSimulator
		{C87078A8-9836-447E-862D-B5A8F37C7E1D}.Release|Mixed Platforms.ActiveCfg = Release|iPhoneSimulator
		{C87078A8-9836-447E-862D-B5A8F37C7E1D}.Release|Mixed Platforms.Build.0 = Release|iPhoneSimulator
		{C7D4F1F6-1054-478A-B5E6-F1A32FDF11AE}.Ad-Hoc|Any CPU.ActiveCfg = Release|Any CPU
		{C7D4F1F6-1054-478A-B5E6-F1A32FDF11AE}.Ad-Hoc|Any CPU.Build.0 = Release|Any CPU
		{C7D4F1F6-1054-478A-B5E6-F1A32FDF11AE}.Ad-Hoc|iPhone.ActiveCfg = Release|Any CPU
		{C7D4F1F6-1054-478A-B5E6-F1A32FDF11AE}.Ad-Hoc|iPhoneSimulator.ActiveCfg = Release|Any CPU
		{C7D4F1F6-1054-478A-B5E6-F1A32FDF11AE}.Ad-Hoc|Mixed Platforms.ActiveCfg = Release|Any CPU
		{C7D4F1F6-1054-478A-B5E6-F1A32FDF11AE}.Ad-Hoc|Mixed Platforms.Build.0 = Release|Any CPU
		{C7D4F1F6-1054-478A-B5E6-F1A32FDF11AE}.AppStore|Any CPU.ActiveCfg = Release|Any CPU
		{C7D4F1F6-1054-478A-B5E6-F1A32FDF11AE}.AppStore|Any CPU.Build.0 = Release|Any CPU
		{C7D4F1F6-1054-478A-B5E6-F1A32FDF11AE}.AppStore|iPhone.ActiveCfg = Release|Any CPU
		{C7D4F1F6-1054-478A-B5E6-F1A32FDF11AE}.AppStore|iPhoneSimulator.ActiveCfg = Release|Any CPU
		{C7D4F1F6-1054-478A-B5E6-F1A32FDF11AE}.AppStore|Mixed Platforms.ActiveCfg = Release|Any CPU
		{C7D4F1F6-1054-478A-B5E6-F1A32FDF11AE}.AppStore|Mixed Platforms.Build.0 = Release|Any CPU
		{C7D4F1F6-1054-478A-B5E6-F1A32FDF11AE}.Debug|Any CPU.ActiveCfg = Debug|Any CPU
		{C7D4F1F6-1054-478A-B5E6-F1A32FDF11AE}.Debug|Any CPU.Build.0 = Debug|Any CPU
		{C7D4F1F6-1054-478A-B5E6-F1A32FDF11AE}.Debug|iPhone.ActiveCfg = Debug|Any CPU
		{C7D4F1F6-1054-478A-B5E6-F1A32FDF11AE}.Debug|iPhoneSimulator.ActiveCfg = Debug|Any CPU
		{C7D4F1F6-1054-478A-B5E6-F1A32FDF11AE}.Debug|Mixed Platforms.ActiveCfg = Debug|Any CPU
		{C7D4F1F6-1054-478A-B5E6-F1A32FDF11AE}.Debug|Mixed Platforms.Build.0 = Debug|Any CPU
		{C7D4F1F6-1054-478A-B5E6-F1A32FDF11AE}.Release|Any CPU.ActiveCfg = Release|Any CPU
		{C7D4F1F6-1054-478A-B5E6-F1A32FDF11AE}.Release|Any CPU.Build.0 = Release|Any CPU
		{C7D4F1F6-1054-478A-B5E6-F1A32FDF11AE}.Release|iPhone.ActiveCfg = Release|Any CPU
		{C7D4F1F6-1054-478A-B5E6-F1A32FDF11AE}.Release|iPhoneSimulator.ActiveCfg = Release|Any CPU
		{C7D4F1F6-1054-478A-B5E6-F1A32FDF11AE}.Release|Mixed Platforms.ActiveCfg = Release|Any CPU
		{C7D4F1F6-1054-478A-B5E6-F1A32FDF11AE}.Release|Mixed Platforms.Build.0 = Release|Any CPU
		{24C726F3-2259-4865-938E-886A2C8CED8F}.Ad-Hoc|Any CPU.ActiveCfg = Release|Any CPU
		{24C726F3-2259-4865-938E-886A2C8CED8F}.Ad-Hoc|Any CPU.Build.0 = Release|Any CPU
		{24C726F3-2259-4865-938E-886A2C8CED8F}.Ad-Hoc|Any CPU.Deploy.0 = Release|Any CPU
		{24C726F3-2259-4865-938E-886A2C8CED8F}.Ad-Hoc|iPhone.ActiveCfg = Release|Any CPU
		{24C726F3-2259-4865-938E-886A2C8CED8F}.Ad-Hoc|iPhoneSimulator.ActiveCfg = Release|Any CPU
		{24C726F3-2259-4865-938E-886A2C8CED8F}.Ad-Hoc|Mixed Platforms.ActiveCfg = Release|Any CPU
		{24C726F3-2259-4865-938E-886A2C8CED8F}.Ad-Hoc|Mixed Platforms.Build.0 = Release|Any CPU
		{24C726F3-2259-4865-938E-886A2C8CED8F}.Ad-Hoc|Mixed Platforms.Deploy.0 = Release|Any CPU
		{24C726F3-2259-4865-938E-886A2C8CED8F}.AppStore|Any CPU.ActiveCfg = Release|Any CPU
		{24C726F3-2259-4865-938E-886A2C8CED8F}.AppStore|Any CPU.Build.0 = Release|Any CPU
		{24C726F3-2259-4865-938E-886A2C8CED8F}.AppStore|Any CPU.Deploy.0 = Release|Any CPU
		{24C726F3-2259-4865-938E-886A2C8CED8F}.AppStore|iPhone.ActiveCfg = Release|Any CPU
		{24C726F3-2259-4865-938E-886A2C8CED8F}.AppStore|iPhoneSimulator.ActiveCfg = Release|Any CPU
		{24C726F3-2259-4865-938E-886A2C8CED8F}.AppStore|Mixed Platforms.ActiveCfg = Release|Any CPU
		{24C726F3-2259-4865-938E-886A2C8CED8F}.AppStore|Mixed Platforms.Build.0 = Release|Any CPU
		{24C726F3-2259-4865-938E-886A2C8CED8F}.AppStore|Mixed Platforms.Deploy.0 = Release|Any CPU
		{24C726F3-2259-4865-938E-886A2C8CED8F}.Debug|Any CPU.ActiveCfg = Debug|Any CPU
		{24C726F3-2259-4865-938E-886A2C8CED8F}.Debug|Any CPU.Build.0 = Debug|Any CPU
		{24C726F3-2259-4865-938E-886A2C8CED8F}.Debug|Any CPU.Deploy.0 = Debug|Any CPU
		{24C726F3-2259-4865-938E-886A2C8CED8F}.Debug|iPhone.ActiveCfg = Debug|Any CPU
		{24C726F3-2259-4865-938E-886A2C8CED8F}.Debug|iPhoneSimulator.ActiveCfg = Debug|Any CPU
		{24C726F3-2259-4865-938E-886A2C8CED8F}.Debug|Mixed Platforms.ActiveCfg = Debug|Any CPU
		{24C726F3-2259-4865-938E-886A2C8CED8F}.Debug|Mixed Platforms.Build.0 = Debug|Any CPU
		{24C726F3-2259-4865-938E-886A2C8CED8F}.Debug|Mixed Platforms.Deploy.0 = Debug|Any CPU
		{24C726F3-2259-4865-938E-886A2C8CED8F}.Release|Any CPU.ActiveCfg = Release|Any CPU
		{24C726F3-2259-4865-938E-886A2C8CED8F}.Release|Any CPU.Build.0 = Release|Any CPU
		{24C726F3-2259-4865-938E-886A2C8CED8F}.Release|Any CPU.Deploy.0 = Release|Any CPU
		{24C726F3-2259-4865-938E-886A2C8CED8F}.Release|iPhone.ActiveCfg = Release|Any CPU
		{24C726F3-2259-4865-938E-886A2C8CED8F}.Release|iPhoneSimulator.ActiveCfg = Release|Any CPU
		{24C726F3-2259-4865-938E-886A2C8CED8F}.Release|Mixed Platforms.ActiveCfg = Release|Any CPU
		{24C726F3-2259-4865-938E-886A2C8CED8F}.Release|Mixed Platforms.Build.0 = Release|Any CPU
		{24C726F3-2259-4865-938E-886A2C8CED8F}.Release|Mixed Platforms.Deploy.0 = Release|Any CPU
	EndGlobalSection
	GlobalSection(SolutionProperties) = preSolution
		HideSolutionNode = FALSE
	EndGlobalSection
EndGlobal
